// !$*UTF8*$!
{
	archiveVersion = 1;
	classes = {
	};
	objectVersion = 56;
	objects = {

/* Begin PBXBuildFile section */
		8671BDCB2B9C0D3600728601 /* MenuItem.swift in Sources */ = {isa = PBXBuildFile; fileRef = 8671BDCA2B9C0D3600728601 /* MenuItem.swift */; };
		8671BDCD2B9C625500728601 /* OrderConfirmationViewController.swift in Sources */ = {isa = PBXBuildFile; fileRef = 8671BDCC2B9C625500728601 /* OrderConfirmationViewController.swift */; };
		8671BDCF2B9CA4FB00728601 /* MenuItemCell.swift in Sources */ = {isa = PBXBuildFile; fileRef = 8671BDCE2B9CA4FB00728601 /* MenuItemCell.swift */; };
		8671BDD12B9CB85300728601 /* ResizeImage.swift in Sources */ = {isa = PBXBuildFile; fileRef = 8671BDD02B9CB85300728601 /* ResizeImage.swift */; };
		8671BDD32B9DA03100728601 /* Restoration.swift in Sources */ = {isa = PBXBuildFile; fileRef = 8671BDD22B9DA03100728601 /* Restoration.swift */; };
		869294102B9B1BEE001521D9 /* MenuController.swift in Sources */ = {isa = PBXBuildFile; fileRef = 8692940F2B9B1BEE001521D9 /* MenuController.swift */; };
		86B318812B9ACBE800815942 /* AppDelegate.swift in Sources */ = {isa = PBXBuildFile; fileRef = 86B318802B9ACBE800815942 /* AppDelegate.swift */; };
		86B318832B9ACBE800815942 /* SceneDelegate.swift in Sources */ = {isa = PBXBuildFile; fileRef = 86B318822B9ACBE800815942 /* SceneDelegate.swift */; };
		86B318882B9ACBE800815942 /* Main.storyboard in Resources */ = {isa = PBXBuildFile; fileRef = 86B318862B9ACBE800815942 /* Main.storyboard */; };
		86B3188A2B9ACBEA00815942 /* Assets.xcassets in Resources */ = {isa = PBXBuildFile; fileRef = 86B318892B9ACBEA00815942 /* Assets.xcassets */; };
		86B3188D2B9ACBEA00815942 /* LaunchScreen.storyboard in Resources */ = {isa = PBXBuildFile; fileRef = 86B3188B2B9ACBEA00815942 /* LaunchScreen.storyboard */; };
		86B3189B2B9AD30100815942 /* MenuTableViewController.swift in Sources */ = {isa = PBXBuildFile; fileRef = 86B3189A2B9AD30100815942 /* MenuTableViewController.swift */; };
		86B3189D2B9AD31200815942 /* CategoryTableViewController.swift in Sources */ = {isa = PBXBuildFile; fileRef = 86B3189C2B9AD31200815942 /* CategoryTableViewController.swift */; };
		86B3189F2B9AD31C00815942 /* OrderTableViewController.swift in Sources */ = {isa = PBXBuildFile; fileRef = 86B3189E2B9AD31C00815942 /* OrderTableViewController.swift */; };
		86B318A32B9AD3E400815942 /* MenuItemDetailViewController.swift in Sources */ = {isa = PBXBuildFile; fileRef = 86B318A22B9AD3E400815942 /* MenuItemDetailViewController.swift */; };
		86B318A72B9AD9EA00815942 /* ResponseModels.swift in Sources */ = {isa = PBXBuildFile; fileRef = 86B318A62B9AD9EA00815942 /* ResponseModels.swift */; };
		86B318A92B9ADAC800815942 /* Order.swift in Sources */ = {isa = PBXBuildFile; fileRef = 86B318A82B9ADAC800815942 /* Order.swift */; };
/* End PBXBuildFile section */

/* Begin PBXFileReference section */
		8671BDCA2B9C0D3600728601 /* MenuItem.swift */ = {isa = PBXFileReference; lastKnownFileType = sourcecode.swift; path = MenuItem.swift; sourceTree = "<group>"; };
		8671BDCC2B9C625500728601 /* OrderConfirmationViewController.swift */ = {isa = PBXFileReference; lastKnownFileType = sourcecode.swift; path = OrderConfirmationViewController.swift; sourceTree = "<group>"; };
		8671BDCE2B9CA4FB00728601 /* MenuItemCell.swift */ = {isa = PBXFileReference; lastKnownFileType = sourcecode.swift; path = MenuItemCell.swift; sourceTree = "<group>"; };
		8671BDD02B9CB85300728601 /* ResizeImage.swift */ = {isa = PBXFileReference; lastKnownFileType = sourcecode.swift; path = ResizeImage.swift; sourceTree = "<group>"; };
		8671BDD22B9DA03100728601 /* Restoration.swift */ = {isa = PBXFileReference; lastKnownFileType = sourcecode.swift; path = Restoration.swift; sourceTree = "<group>"; };
		8692940F2B9B1BEE001521D9 /* MenuController.swift */ = {isa = PBXFileReference; lastKnownFileType = sourcecode.swift; path = MenuController.swift; sourceTree = "<group>"; };
		86B3187D2B9ACBE800815942 /* OrderApp.app */ = {isa = PBXFileReference; explicitFileType = wrapper.application; includeInIndex = 0; path = OrderApp.app; sourceTree = BUILT_PRODUCTS_DIR; };
		86B318802B9ACBE800815942 /* AppDelegate.swift */ = {isa = PBXFileReference; lastKnownFileType = sourcecode.swift; path = AppDelegate.swift; sourceTree = "<group>"; };
		86B318822B9ACBE800815942 /* SceneDelegate.swift */ = {isa = PBXFileReference; lastKnownFileType = sourcecode.swift; path = SceneDelegate.swift; sourceTree = "<group>"; };
		86B318872B9ACBE800815942 /* Base */ = {isa = PBXFileReference; lastKnownFileType = file.storyboard; name = Base; path = Base.lproj/Main.storyboard; sourceTree = "<group>"; };
		86B318892B9ACBEA00815942 /* Assets.xcassets */ = {isa = PBXFileReference; lastKnownFileType = folder.assetcatalog; path = Assets.xcassets; sourceTree = "<group>"; };
		86B3188C2B9ACBEA00815942 /* Base */ = {isa = PBXFileReference; lastKnownFileType = file.storyboard; name = Base; path = Base.lproj/LaunchScreen.storyboard; sourceTree = "<group>"; };
		86B3188E2B9ACBEA00815942 /* Info.plist */ = {isa = PBXFileReference; lastKnownFileType = text.plist.xml; path = Info.plist; sourceTree = "<group>"; };
		86B3189A2B9AD30100815942 /* MenuTableViewController.swift */ = {isa = PBXFileReference; lastKnownFileType = sourcecode.swift; path = MenuTableViewController.swift; sourceTree = "<group>"; };
		86B3189C2B9AD31200815942 /* CategoryTableViewController.swift */ = {isa = PBXFileReference; lastKnownFileType = sourcecode.swift; path = CategoryTableViewController.swift; sourceTree = "<group>"; };
		86B3189E2B9AD31C00815942 /* OrderTableViewController.swift */ = {isa = PBXFileReference; lastKnownFileType = sourcecode.swift; path = OrderTableViewController.swift; sourceTree = "<group>"; };
		86B318A22B9AD3E400815942 /* MenuItemDetailViewController.swift */ = {isa = PBXFileReference; lastKnownFileType = sourcecode.swift; path = MenuItemDetailViewController.swift; sourceTree = "<group>"; };
		86B318A62B9AD9EA00815942 /* ResponseModels.swift */ = {isa = PBXFileReference; lastKnownFileType = sourcecode.swift; path = ResponseModels.swift; sourceTree = "<group>"; };
		86B318A82B9ADAC800815942 /* Order.swift */ = {isa = PBXFileReference; lastKnownFileType = sourcecode.swift; path = Order.swift; sourceTree = "<group>"; };
/* End PBXFileReference section */

/* Begin PBXFrameworksBuildPhase section */
		86B3187A2B9ACBE800815942 /* Frameworks */ = {
			isa = PBXFrameworksBuildPhase;
			buildActionMask = 2147483647;
			files = (
			);
			runOnlyForDeploymentPostprocessing = 0;
		};
/* End PBXFrameworksBuildPhase section */

/* Begin PBXGroup section */
		86B318742B9ACBE800815942 = {
			isa = PBXGroup;
			children = (
				86B3187F2B9ACBE800815942 /* OrderApp */,
				86B3187E2B9ACBE800815942 /* Products */,
			);
			sourceTree = "<group>";
		};
		86B3187E2B9ACBE800815942 /* Products */ = {
			isa = PBXGroup;
			children = (
				86B3187D2B9ACBE800815942 /* OrderApp.app */,
			);
			name = Products;
			sourceTree = "<group>";
		};
		86B3187F2B9ACBE800815942 /* OrderApp */ = {
			isa = PBXGroup;
			children = (
				86B318802B9ACBE800815942 /* AppDelegate.swift */,
				86B318822B9ACBE800815942 /* SceneDelegate.swift */,
				86B318862B9ACBE800815942 /* Main.storyboard */,
				86B318892B9ACBEA00815942 /* Assets.xcassets */,
				86B3188B2B9ACBEA00815942 /* LaunchScreen.storyboard */,
				86B3188E2B9ACBEA00815942 /* Info.plist */,
				86B318AB2B9ADB1000815942 /* Controller */,
				86B318AA2B9ADB0700815942 /* Model */,
				8671BDCE2B9CA4FB00728601 /* MenuItemCell.swift */,
				8671BDD02B9CB85300728601 /* ResizeImage.swift */,
				8671BDD22B9DA03100728601 /* Restoration.swift */,
			);
			path = OrderApp;
			sourceTree = "<group>";
		};
		86B318AA2B9ADB0700815942 /* Model */ = {
			isa = PBXGroup;
			children = (
				86B318A62B9AD9EA00815942 /* ResponseModels.swift */,
				86B318A82B9ADAC800815942 /* Order.swift */,
				8671BDCA2B9C0D3600728601 /* MenuItem.swift */,
			);
			path = Model;
			sourceTree = "<group>";
		};
		86B318AB2B9ADB1000815942 /* Controller */ = {
			isa = PBXGroup;
			children = (
				86B3189A2B9AD30100815942 /* MenuTableViewController.swift */,
				86B3189C2B9AD31200815942 /* CategoryTableViewController.swift */,
				86B3189E2B9AD31C00815942 /* OrderTableViewController.swift */,
				86B318A22B9AD3E400815942 /* MenuItemDetailViewController.swift */,
				8692940F2B9B1BEE001521D9 /* MenuController.swift */,
				8671BDCC2B9C625500728601 /* OrderConfirmationViewController.swift */,
			);
			path = Controller;
			sourceTree = "<group>";
		};
/* End PBXGroup section */

/* Begin PBXNativeTarget section */
		86B3187C2B9ACBE800815942 /* OrderApp */ = {
			isa = PBXNativeTarget;
			buildConfigurationList = 86B318912B9ACBEA00815942 /* Build configuration list for PBXNativeTarget "OrderApp" */;
			buildPhases = (
				86B318792B9ACBE800815942 /* Sources */,
				86B3187A2B9ACBE800815942 /* Frameworks */,
				86B3187B2B9ACBE800815942 /* Resources */,
			);
			buildRules = (
			);
			dependencies = (
			);
			name = OrderApp;
			productName = OrderApp;
			productReference = 86B3187D2B9ACBE800815942 /* OrderApp.app */;
			productType = "com.apple.product-type.application";
		};
/* End PBXNativeTarget section */

/* Begin PBXProject section */
		86B318752B9ACBE800815942 /* Project object */ = {
			isa = PBXProject;
			attributes = {
				BuildIndependentTargetsInParallel = 1;
				LastSwiftUpdateCheck = 1520;
				LastUpgradeCheck = 1520;
				TargetAttributes = {
					86B3187C2B9ACBE800815942 = {
						CreatedOnToolsVersion = 15.2;
					};
				};
			};
			buildConfigurationList = 86B318782B9ACBE800815942 /* Build configuration list for PBXProject "OrderApp" */;
			compatibilityVersion = "Xcode 14.0";
			developmentRegion = en;
			hasScannedForEncodings = 0;
			knownRegions = (
				en,
				Base,
			);
			mainGroup = 86B318742B9ACBE800815942;
			productRefGroup = 86B3187E2B9ACBE800815942 /* Products */;
			projectDirPath = "";
			projectRoot = "";
			targets = (
				86B3187C2B9ACBE800815942 /* OrderApp */,
			);
		};
/* End PBXProject section */

/* Begin PBXResourcesBuildPhase section */
		86B3187B2B9ACBE800815942 /* Resources */ = {
			isa = PBXResourcesBuildPhase;
			buildActionMask = 2147483647;
			files = (
				86B3188D2B9ACBEA00815942 /* LaunchScreen.storyboard in Resources */,
				86B3188A2B9ACBEA00815942 /* Assets.xcassets in Resources */,
				86B318882B9ACBE800815942 /* Main.storyboard in Resources */,
			);
			runOnlyForDeploymentPostprocessing = 0;
		};
/* End PBXResourcesBuildPhase section */

/* Begin PBXSourcesBuildPhase section */
		86B318792B9ACBE800815942 /* Sources */ = {
			isa = PBXSourcesBuildPhase;
			buildActionMask = 2147483647;
			files = (
				8671BDD32B9DA03100728601 /* Restoration.swift in Sources */,
				869294102B9B1BEE001521D9 /* MenuController.swift in Sources */,
				86B318812B9ACBE800815942 /* AppDelegate.swift in Sources */,
				86B318A72B9AD9EA00815942 /* ResponseModels.swift in Sources */,
				86B318A92B9ADAC800815942 /* Order.swift in Sources */,
				86B318A32B9AD3E400815942 /* MenuItemDetailViewController.swift in Sources */,
				86B3189F2B9AD31C00815942 /* OrderTableViewController.swift in Sources */,
				8671BDD12B9CB85300728601 /* ResizeImage.swift in Sources */,
				86B318832B9ACBE800815942 /* SceneDelegate.swift in Sources */,
				86B3189B2B9AD30100815942 /* MenuTableViewController.swift in Sources */,
				86B3189D2B9AD31200815942 /* CategoryTableViewController.swift in Sources */,
				8671BDCF2B9CA4FB00728601 /* MenuItemCell.swift in Sources */,
				8671BDCD2B9C625500728601 /* OrderConfirmationViewController.swift in Sources */,
				8671BDCB2B9C0D3600728601 /* MenuItem.swift in Sources */,
			);
			runOnlyForDeploymentPostprocessing = 0;
		};
/* End PBXSourcesBuildPhase section */

/* Begin PBXVariantGroup section */
		86B318862B9ACBE800815942 /* Main.storyboard */ = {
			isa = PBXVariantGroup;
			children = (
				86B318872B9ACBE800815942 /* Base */,
			);
			name = Main.storyboard;
			sourceTree = "<group>";
		};
		86B3188B2B9ACBEA00815942 /* LaunchScreen.storyboard */ = {
			isa = PBXVariantGroup;
			children = (
				86B3188C2B9ACBEA00815942 /* Base */,
			);
			name = LaunchScreen.storyboard;
			sourceTree = "<group>";
		};
/* End PBXVariantGroup section */

/* Begin XCBuildConfiguration section */
		86B3188F2B9ACBEA00815942 /* Debug */ = {
			isa = XCBuildConfiguration;
			buildSettings = {
				ALWAYS_SEARCH_USER_PATHS = NO;
				ASSETCATALOG_COMPILER_GENERATE_SWIFT_ASSET_SYMBOL_EXTENSIONS = YES;
				CLANG_ANALYZER_NONNULL = YES;
				CLANG_ANALYZER_NUMBER_OBJECT_CONVERSION = YES_AGGRESSIVE;
				CLANG_CXX_LANGUAGE_STANDARD = "gnu++20";
				CLANG_ENABLE_MODULES = YES;
				CLANG_ENABLE_OBJC_ARC = YES;
				CLANG_ENABLE_OBJC_WEAK = YES;
				CLANG_WARN_BLOCK_CAPTURE_AUTORELEASING = YES;
				CLANG_WARN_BOOL_CONVERSION = YES;
				CLANG_WARN_COMMA = YES;
				CLANG_WARN_CONSTANT_CONVERSION = YES;
				CLANG_WARN_DEPRECATED_OBJC_IMPLEMENTATIONS = YES;
				CLANG_WARN_DIRECT_OBJC_ISA_USAGE = YES_ERROR;
				CLANG_WARN_DOCUMENTATION_COMMENTS = YES;
				CLANG_WARN_EMPTY_BODY = YES;
				CLANG_WARN_ENUM_CONVERSION = YES;
				CLANG_WARN_INFINITE_RECURSION = YES;
				CLANG_WARN_INT_CONVERSION = YES;
				CLANG_WARN_NON_LITERAL_NULL_CONVERSION = YES;
				CLANG_WARN_OBJC_IMPLICIT_RETAIN_SELF = YES;
				CLANG_WARN_OBJC_LITERAL_CONVERSION = YES;
				CLANG_WARN_OBJC_ROOT_CLASS = YES_ERROR;
				CLANG_WARN_QUOTED_INCLUDE_IN_FRAMEWORK_HEADER = YES;
				CLANG_WARN_RANGE_LOOP_ANALYSIS = YES;
				CLANG_WARN_STRICT_PROTOTYPES = YES;
				CLANG_WARN_SUSPICIOUS_MOVE = YES;
				CLANG_WARN_UNGUARDED_AVAILABILITY = YES_AGGRESSIVE;
				CLANG_WARN_UNREACHABLE_CODE = YES;
				CLANG_WARN__DUPLICATE_METHOD_MATCH = YES;
				COPY_PHASE_STRIP = NO;
				DEBUG_INFORMATION_FORMAT = dwarf;
				ENABLE_STRICT_OBJC_MSGSEND = YES;
				ENABLE_TESTABILITY = YES;
				ENABLE_USER_SCRIPT_SANDBOXING = YES;
				GCC_C_LANGUAGE_STANDARD = gnu17;
				GCC_DYNAMIC_NO_PIC = NO;
				GCC_NO_COMMON_BLOCKS = YES;
				GCC_OPTIMIZATION_LEVEL = 0;
				GCC_PREPROCESSOR_DEFINITIONS = (
					"DEBUG=1",
					"$(inherited)",
				);
				GCC_WARN_64_TO_32_BIT_CONVERSION = YES;
				GCC_WARN_ABOUT_RETURN_TYPE = YES_ERROR;
				GCC_WARN_UNDECLARED_SELECTOR = YES;
				GCC_WARN_UNINITIALIZED_AUTOS = YES_AGGRESSIVE;
				GCC_WARN_UNUSED_FUNCTION = YES;
				GCC_WARN_UNUSED_VARIABLE = YES;
				IPHONEOS_DEPLOYMENT_TARGET = 17.2;
				LOCALIZATION_PREFERS_STRING_CATALOGS = YES;
				MTL_ENABLE_DEBUG_INFO = INCLUDE_SOURCE;
				MTL_FAST_MATH = YES;
				ONLY_ACTIVE_ARCH = YES;
				SDKROOT = iphoneos;
				SWIFT_ACTIVE_COMPILATION_CONDITIONS = "DEBUG $(inherited)";
				SWIFT_OPTIMIZATION_LEVEL = "-Onone";
			};
			name = Debug;
		};
		86B318902B9ACBEA00815942 /* Release */ = {
			isa = XCBuildConfiguration;
			buildSettings = {
				ALWAYS_SEARCH_USER_PATHS = NO;
				ASSETCATALOG_COMPILER_GENERATE_SWIFT_ASSET_SYMBOL_EXTENSIONS = YES;
				CLANG_ANALYZER_NONNULL = YES;
				CLANG_ANALYZER_NUMBER_OBJECT_CONVERSION = YES_AGGRESSIVE;
				CLANG_CXX_LANGUAGE_STANDARD = "gnu++20";
				CLANG_ENABLE_MODULES = YES;
				CLANG_ENABLE_OBJC_ARC = YES;
				CLANG_ENABLE_OBJC_WEAK = YES;
				CLANG_WARN_BLOCK_CAPTURE_AUTORELEASING = YES;
				CLANG_WARN_BOOL_CONVERSION = YES;
				CLANG_WARN_COMMA = YES;
				CLANG_WARN_CONSTANT_CONVERSION = YES;
				CLANG_WARN_DEPRECATED_OBJC_IMPLEMENTATIONS = YES;
				CLANG_WARN_DIRECT_OBJC_ISA_USAGE = YES_ERROR;
				CLANG_WARN_DOCUMENTATION_COMMENTS = YES;
				CLANG_WARN_EMPTY_BODY = YES;
				CLANG_WARN_ENUM_CONVERSION = YES;
				CLANG_WARN_INFINITE_RECURSION = YES;
				CLANG_WARN_INT_CONVERSION = YES;
				CLANG_WARN_NON_LITERAL_NULL_CONVERSION = YES;
				CLANG_WARN_OBJC_IMPLICIT_RETAIN_SELF = YES;
				CLANG_WARN_OBJC_LITERAL_CONVERSION = YES;
				CLANG_WARN_OBJC_ROOT_CLASS = YES_ERROR;
				CLANG_WARN_QUOTED_INCLUDE_IN_FRAMEWORK_HEADER = YES;
				CLANG_WARN_RANGE_LOOP_ANALYSIS = YES;
				CLANG_WARN_STRICT_PROTOTYPES = YES;
				CLANG_WARN_SUSPICIOUS_MOVE = YES;
				CLANG_WARN_UNGUARDED_AVAILABILITY = YES_AGGRESSIVE;
				CLANG_WARN_UNREACHABLE_CODE = YES;
				CLANG_WARN__DUPLICATE_METHOD_MATCH = YES;
				COPY_PHASE_STRIP = NO;
				DEBUG_INFORMATION_FORMAT = "dwarf-with-dsym";
				ENABLE_NS_ASSERTIONS = NO;
				ENABLE_STRICT_OBJC_MSGSEND = YES;
				ENABLE_USER_SCRIPT_SANDBOXING = YES;
				GCC_C_LANGUAGE_STANDARD = gnu17;
				GCC_NO_COMMON_BLOCKS = YES;
				GCC_WARN_64_TO_32_BIT_CONVERSION = YES;
				GCC_WARN_ABOUT_RETURN_TYPE = YES_ERROR;
				GCC_WARN_UNDECLARED_SELECTOR = YES;
				GCC_WARN_UNINITIALIZED_AUTOS = YES_AGGRESSIVE;
				GCC_WARN_UNUSED_FUNCTION = YES;
				GCC_WARN_UNUSED_VARIABLE = YES;
				IPHONEOS_DEPLOYMENT_TARGET = 17.2;
				LOCALIZATION_PREFERS_STRING_CATALOGS = YES;
				MTL_ENABLE_DEBUG_INFO = NO;
				MTL_FAST_MATH = YES;
				SDKROOT = iphoneos;
				SWIFT_COMPILATION_MODE = wholemodule;
				VALIDATE_PRODUCT = YES;
			};
			name = Release;
		};
		86B318922B9ACBEA00815942 /* Debug */ = {
			isa = XCBuildConfiguration;
			buildSettings = {
				ASSETCATALOG_COMPILER_APPICON_NAME = AppIcon;
				ASSETCATALOG_COMPILER_GLOBAL_ACCENT_COLOR_NAME = AccentColor;
				CODE_SIGN_STYLE = Automatic;
				CURRENT_PROJECT_VERSION = 1;
				GENERATE_INFOPLIST_FILE = YES;
				INFOPLIST_FILE = OrderApp/Info.plist;
				INFOPLIST_KEY_UIApplicationSupportsIndirectInputEvents = YES;
				INFOPLIST_KEY_UILaunchStoryboardName = LaunchScreen;
				INFOPLIST_KEY_UIMainStoryboardFile = Main;
				INFOPLIST_KEY_UISupportedInterfaceOrientations_iPad = "UIInterfaceOrientationPortrait UIInterfaceOrientationPortraitUpsideDown UIInterfaceOrientationLandscapeLeft UIInterfaceOrientationLandscapeRight";
				INFOPLIST_KEY_UISupportedInterfaceOrientations_iPhone = "UIInterfaceOrientationPortrait UIInterfaceOrientationLandscapeLeft UIInterfaceOrientationLandscapeRight";
				LD_RUNPATH_SEARCH_PATHS = (
					"$(inherited)",
					"@executable_path/Frameworks",
				);
				MARKETING_VERSION = 1.0;
				PRODUCT_BUNDLE_IDENTIFIER = philong.com.OrderApp;
				PRODUCT_NAME = "$(TARGET_NAME)";
				SWIFT_EMIT_LOC_STRINGS = YES;
				SWIFT_VERSION = 5.0;
				TARGETED_DEVICE_FAMILY = "1,2";
			};
			name = Debug;
		};
		86B318932B9ACBEA00815942 /* Release */ = {
			isa = XCBuildConfiguration;
			buildSettings = {
				ASSETCATALOG_COMPILER_APPICON_NAME = AppIcon;
				ASSETCATALOG_COMPILER_GLOBAL_ACCENT_COLOR_NAME = AccentColor;
				CODE_SIGN_STYLE = Automatic;
				CURRENT_PROJECT_VERSION = 1;
				GENERATE_INFOPLIST_FILE = YES;
				INFOPLIST_FILE = OrderApp/Info.plist;
				INFOPLIST_KEY_UIApplicationSupportsIndirectInputEvents = YES;
				INFOPLIST_KEY_UILaunchStoryboardName = LaunchScreen;
				INFOPLIST_KEY_UIMainStoryboardFile = Main;
				INFOPLIST_KEY_UISupportedInterfaceOrientations_iPad = "UIInterfaceOrientationPortrait UIInterfaceOrientationPortraitUpsideDown UIInterfaceOrientationLandscapeLeft UIInterfaceOrientationLandscapeRight";
				INFOPLIST_KEY_UISupportedInterfaceOrientations_iPhone = "UIInterfaceOrientationPortrait UIInterfaceOrientationLandscapeLeft UIInterfaceOrientationLandscapeRight";
				LD_RUNPATH_SEARCH_PATHS = (
					"$(inherited)",
					"@executable_path/Frameworks",
				);
				MARKETING_VERSION = 1.0;
				PRODUCT_BUNDLE_IDENTIFIER = philong.com.OrderApp;
				PRODUCT_NAME = "$(TARGET_NAME)";
				SWIFT_EMIT_LOC_STRINGS = YES;
				SWIFT_VERSION = 5.0;
				TARGETED_DEVICE_FAMILY = "1,2";
			};
			name = Release;
		};
/* End XCBuildConfiguration section */

/* Begin XCConfigurationList section */
		86B318782B9ACBE800815942 /* Build configuration list for PBXProject "OrderApp" */ = {
			isa = XCConfigurationList;
			buildConfigurations = (
				86B3188F2B9ACBEA00815942 /* Debug */,
				86B318902B9ACBEA00815942 /* Release */,
			);
			defaultConfigurationIsVisible = 0;
			defaultConfigurationName = Release;
		};
		86B318912B9ACBEA00815942 /* Build configuration list for PBXNativeTarget "OrderApp" */ = {
			isa = XCConfigurationList;
			buildConfigurations = (
				86B318922B9ACBEA00815942 /* Debug */,
				86B318932B9ACBEA00815942 /* Release */,
			);
			defaultConfigurationIsVisible = 0;
			defaultConfigurationName = Release;
		};
/* End XCConfigurationList section */
	};
	rootObject = 86B318752B9ACBE800815942 /* Project object */;
}
